// !$*UTF8*$!
{
	archiveVersion = 1;
	classes = {
	};
	objectVersion = 50;
	objects = {

/* Begin PBXBuildFile section */
		264655C021AB41A000C03A49 /* AppDelegate.swift in Sources */ = {isa = PBXBuildFile; fileRef = 264655BF21AB41A000C03A49 /* AppDelegate.swift */; };
		264655C221AB41A000C03A49 /* ViewController.swift in Sources */ = {isa = PBXBuildFile; fileRef = 264655C121AB41A000C03A49 /* ViewController.swift */; };
		264655C521AB41A000C03A49 /* Main.storyboard in Resources */ = {isa = PBXBuildFile; fileRef = 264655C321AB41A000C03A49 /* Main.storyboard */; };
		264655C721AB41A400C03A49 /* Assets.xcassets in Resources */ = {isa = PBXBuildFile; fileRef = 264655C621AB41A400C03A49 /* Assets.xcassets */; };
		264655CA21AB41A400C03A49 /* LaunchScreen.storyboard in Resources */ = {isa = PBXBuildFile; fileRef = 264655C821AB41A400C03A49 /* LaunchScreen.storyboard */; };
		264655D521AB41A400C03A49 /* HelloWorldTests.swift in Sources */ = {isa = PBXBuildFile; fileRef = 264655D421AB41A400C03A49 /* HelloWorldTests.swift */; };
		264655E021AB41A400C03A49 /* HelloWorldUITests.swift in Sources */ = {isa = PBXBuildFile; fileRef = 264655DF21AB41A400C03A49 /* HelloWorldUITests.swift */; };
		264655EF21AB41E400C03A49 /* UIKit.framework in Frameworks */ = {isa = PBXBuildFile; fileRef = 264655EE21AB41E400C03A49 /* UIKit.framework */; };
/* End PBXBuildFile section */

/* Begin PBXContainerItemProxy section */
		264655D121AB41A400C03A49 /* PBXContainerItemProxy */ = {
			isa = PBXContainerItemProxy;
			containerPortal = 264655B421AB41A000C03A49 /* Project object */;
			proxyType = 1;
			remoteGlobalIDString = 264655BB21AB41A000C03A49;
			remoteInfo = HelloWorld;
		};
		264655DC21AB41A400C03A49 /* PBXContainerItemProxy */ = {
			isa = PBXContainerItemProxy;
			containerPortal = 264655B421AB41A000C03A49 /* Project object */;
			proxyType = 1;
			remoteGlobalIDString = 264655BB21AB41A000C03A49;
			remoteInfo = HelloWorld;
		};
/* End PBXContainerItemProxy section */

/* Begin PBXFileReference section */
		264655BC21AB41A000C03A49 /* HelloWorld.app */ = {isa = PBXFileReference; explicitFileType = wrapper.application; includeInIndex = 0; path = HelloWorld.app; sourceTree = BUILT_PRODUCTS_DIR; };
		264655BF21AB41A000C03A49 /* AppDelegate.swift */ = {isa = PBXFileReference; lastKnownFileType = sourcecode.swift; path = AppDelegate.swift; sourceTree = "<group>"; };
		264655C121AB41A000C03A49 /* ViewController.swift */ = {isa = PBXFileReference; lastKnownFileType = sourcecode.swift; path = ViewController.swift; sourceTree = "<group>"; };
		264655C421AB41A000C03A49 /* Base */ = {isa = PBXFileReference; lastKnownFileType = file.storyboard; name = Base; path = Base.lproj/Main.storyboard; sourceTree = "<group>"; };
		264655C621AB41A400C03A49 /* Assets.xcassets */ = {isa = PBXFileReference; lastKnownFileType = folder.assetcatalog; path = Assets.xcassets; sourceTree = "<group>"; };
		264655C921AB41A400C03A49 /* Base */ = {isa = PBXFileReference; lastKnownFileType = file.storyboard; name = Base; path = Base.lproj/LaunchScreen.storyboard; sourceTree = "<group>"; };
		264655CB21AB41A400C03A49 /* Info.plist */ = {isa = PBXFileReference; lastKnownFileType = text.plist.xml; path = Info.plist; sourceTree = "<group>"; };
		264655D021AB41A400C03A49 /* HelloWorldTests.xctest */ = {isa = PBXFileReference; explicitFileType = wrapper.cfbundle; includeInIndex = 0; path = HelloWorldTests.xctest; sourceTree = BUILT_PRODUCTS_DIR; };
		264655D421AB41A400C03A49 /* HelloWorldTests.swift */ = {isa = PBXFileReference; lastKnownFileType = sourcecode.swift; path = HelloWorldTests.swift; sourceTree = "<group>"; };
		264655D621AB41A400C03A49 /* Info.plist */ = {isa = PBXFileReference; lastKnownFileType = text.plist.xml; path = Info.plist; sourceTree = "<group>"; };
		264655DB21AB41A400C03A49 /* HelloWorldUITests.xctest */ = {isa = PBXFileReference; explicitFileType = wrapper.cfbundle; includeInIndex = 0; path = HelloWorldUITests.xctest; sourceTree = BUILT_PRODUCTS_DIR; };
		264655DF21AB41A400C03A49 /* HelloWorldUITests.swift */ = {isa = PBXFileReference; lastKnownFileType = sourcecode.swift; path = HelloWorldUITests.swift; sourceTree = "<group>"; };
		264655E121AB41A400C03A49 /* Info.plist */ = {isa = PBXFileReference; lastKnownFileType = text.plist.xml; path = Info.plist; sourceTree = "<group>"; };
		264655EE21AB41E400C03A49 /* UIKit.framework */ = {isa = PBXFileReference; lastKnownFileType = wrapper.framework; name = UIKit.framework; path = System/Library/Frameworks/UIKit.framework; sourceTree = SDKROOT; };
/* End PBXFileReference section */

/* Begin PBXFrameworksBuildPhase section */
		264655B921AB41A000C03A49 /* Frameworks */ = {
			isa = PBXFrameworksBuildPhase;
			buildActionMask = 2147483647;
			files = (
				264655EF21AB41E400C03A49 /* UIKit.framework in Frameworks */,
			);
			runOnlyForDeploymentPostprocessing = 0;
		};
		264655CD21AB41A400C03A49 /* Frameworks */ = {
			isa = PBXFrameworksBuildPhase;
			buildActionMask = 2147483647;
			files = (
			);
			runOnlyForDeploymentPostprocessing = 0;
		};
		264655D821AB41A400C03A49 /* Frameworks */ = {
			isa = PBXFrameworksBuildPhase;
			buildActionMask = 2147483647;
			files = (
			);
			runOnlyForDeploymentPostprocessing = 0;
		};
/* End PBXFrameworksBuildPhase section */

/* Begin PBXGroup section */
		264655B321AB41A000C03A49 = {
			isa = PBXGroup;
			children = (
				264655BE21AB41A000C03A49 /* HelloWorld */,
				264655D321AB41A400C03A49 /* HelloWorldTests */,
				264655DE21AB41A400C03A49 /* HelloWorldUITests */,
				264655BD21AB41A000C03A49 /* Products */,
				264655ED21AB41E400C03A49 /* Frameworks */,
			);
			sourceTree = "<group>";
		};
		264655BD21AB41A000C03A49 /* Products */ = {
			isa = PBXGroup;
			children = (
				264655BC21AB41A000C03A49 /* HelloWorld.app */,
				264655D021AB41A400C03A49 /* HelloWorldTests.xctest */,
				264655DB21AB41A400C03A49 /* HelloWorldUITests.xctest */,
			);
			name = Products;
			sourceTree = "<group>";
		};
		264655BE21AB41A000C03A49 /* HelloWorld */ = {
			isa = PBXGroup;
			children = (
				264655BF21AB41A000C03A49 /* AppDelegate.swift */,
				264655C121AB41A000C03A49 /* ViewController.swift */,
				264655C321AB41A000C03A49 /* Main.storyboard */,
				264655C621AB41A400C03A49 /* Assets.xcassets */,
				264655C821AB41A400C03A49 /* LaunchScreen.storyboard */,
				264655CB21AB41A400C03A49 /* Info.plist */,
			);
			path = HelloWorld;
			sourceTree = "<group>";
		};
		264655D321AB41A400C03A49 /* HelloWorldTests */ = {
			isa = PBXGroup;
			children = (
				264655D421AB41A400C03A49 /* HelloWorldTests.swift */,
				264655D621AB41A400C03A49 /* Info.plist */,
			);
			path = HelloWorldTests;
			sourceTree = "<group>";
		};
		264655DE21AB41A400C03A49 /* HelloWorldUITests */ = {
			isa = PBXGroup;
			children = (
				264655DF21AB41A400C03A49 /* HelloWorldUITests.swift */,
				264655E121AB41A400C03A49 /* Info.plist */,
			);
			path = HelloWorldUITests;
			sourceTree = "<group>";
		};
		264655ED21AB41E400C03A49 /* Frameworks */ = {
			isa = PBXGroup;
			children = (
				264655EE21AB41E400C03A49 /* UIKit.framework */,
			);
			name = Frameworks;
			sourceTree = "<group>";
		};
/* End PBXGroup section */

/* Begin PBXNativeTarget section */
		264655BB21AB41A000C03A49 /* HelloWorld */ = {
			isa = PBXNativeTarget;
			buildConfigurationList = 264655E421AB41A400C03A49 /* Build configuration list for PBXNativeTarget "HelloWorld" */;
			buildPhases = (
				264655B821AB41A000C03A49 /* Sources */,
				264655B921AB41A000C03A49 /* Frameworks */,
				264655BA21AB41A000C03A49 /* Resources */,
			);
			buildRules = (
			);
			dependencies = (
			);
			name = HelloWorld;
			productName = HelloWorld;
			productReference = 264655BC21AB41A000C03A49 /* HelloWorld.app */;
			productType = "com.apple.product-type.application";
		};
		264655CF21AB41A400C03A49 /* HelloWorldTests */ = {
			isa = PBXNativeTarget;
			buildConfigurationList = 264655E721AB41A400C03A49 /* Build configuration list for PBXNativeTarget "HelloWorldTests" */;
			buildPhases = (
				264655CC21AB41A400C03A49 /* Sources */,
				264655CD21AB41A400C03A49 /* Frameworks */,
				264655CE21AB41A400C03A49 /* Resources */,
			);
			buildRules = (
			);
			dependencies = (
				264655D221AB41A400C03A49 /* PBXTargetDependency */,
			);
			name = HelloWorldTests;
			productName = HelloWorldTests;
			productReference = 264655D021AB41A400C03A49 /* HelloWorldTests.xctest */;
			productType = "com.apple.product-type.bundle.unit-test";
		};
		264655DA21AB41A400C03A49 /* HelloWorldUITests */ = {
			isa = PBXNativeTarget;
			buildConfigurationList = 264655EA21AB41A400C03A49 /* Build configuration list for PBXNativeTarget "HelloWorldUITests" */;
			buildPhases = (
				264655D721AB41A400C03A49 /* Sources */,
				264655D821AB41A400C03A49 /* Frameworks */,
				264655D921AB41A400C03A49 /* Resources */,
			);
			buildRules = (
			);
			dependencies = (
				264655DD21AB41A400C03A49 /* PBXTargetDependency */,
			);
			name = HelloWorldUITests;
			productName = HelloWorldUITests;
			productReference = 264655DB21AB41A400C03A49 /* HelloWorldUITests.xctest */;
			productType = "com.apple.product-type.bundle.ui-testing";
		};
/* End PBXNativeTarget section */

/* Begin PBXProject section */
		264655B421AB41A000C03A49 /* Project object */ = {
			isa = PBXProject;
			attributes = {
				LastSwiftUpdateCheck = 1010;
				LastUpgradeCheck = 1010;
				ORGANIZATIONNAME = "Andrea Murphy";
				TargetAttributes = {
					264655BB21AB41A000C03A49 = {
						CreatedOnToolsVersion = 10.1;
					};
					264655CF21AB41A400C03A49 = {
						CreatedOnToolsVersion = 10.1;
						TestTargetID = 264655BB21AB41A000C03A49;
					};
					264655DA21AB41A400C03A49 = {
						CreatedOnToolsVersion = 10.1;
						TestTargetID = 264655BB21AB41A000C03A49;
					};
				};
			};
			buildConfigurationList = 264655B721AB41A000C03A49 /* Build configuration list for PBXProject "HelloWorld" */;
			compatibilityVersion = "Xcode 9.3";
			developmentRegion = en;
			hasScannedForEncodings = 0;
			knownRegions = (
				en,
				Base,
			);
			mainGroup = 264655B321AB41A000C03A49;
			productRefGroup = 264655BD21AB41A000C03A49 /* Products */;
			projectDirPath = "";
			projectRoot = "";
			targets = (
				264655BB21AB41A000C03A49 /* HelloWorld */,
				264655CF21AB41A400C03A49 /* HelloWorldTests */,
				264655DA21AB41A400C03A49 /* HelloWorldUITests */,
			);
		};
/* End PBXProject section */

/* Begin PBXResourcesBuildPhase section */
		264655BA21AB41A000C03A49 /* Resources */ = {
			isa = PBXResourcesBuildPhase;
			buildActionMask = 2147483647;
			files = (
				264655CA21AB41A400C03A49 /* LaunchScreen.storyboard in Resources */,
				264655C721AB41A400C03A49 /* Assets.xcassets in Resources */,
				264655C521AB41A000C03A49 /* Main.storyboard in Resources */,
			);
			runOnlyForDeploymentPostprocessing = 0;
		};
		264655CE21AB41A400C03A49 /* Resources */ = {
			isa = PBXResourcesBuildPhase;
			buildActionMask = 2147483647;
			files = (
			);
			runOnlyForDeploymentPostprocessing = 0;
		};
		264655D921AB41A400C03A49 /* Resources */ = {
			isa = PBXResourcesBuildPhase;
			buildActionMask = 2147483647;
			files = (
			);
			runOnlyForDeploymentPostprocessing = 0;
		};
/* End PBXResourcesBuildPhase section */

/* Begin PBXSourcesBuildPhase section */
		264655B821AB41A000C03A49 /* Sources */ = {
			isa = PBXSourcesBuildPhase;
			buildActionMask = 2147483647;
			files = (
				264655C221AB41A000C03A49 /* ViewController.swift in Sources */,
				264655C021AB41A000C03A49 /* AppDelegate.swift in Sources */,
			);
			runOnlyForDeploymentPostprocessing = 0;
		};
		264655CC21AB41A400C03A49 /* Sources */ = {
			isa = PBXSourcesBuildPhase;
			buildActionMask = 2147483647;
			files = (
				264655D521AB41A400C03A49 /* HelloWorldTests.swift in Sources */,
			);
			runOnlyForDeploymentPostprocessing = 0;
		};
		264655D721AB41A400C03A49 /* Sources */ = {
			isa = PBXSourcesBuildPhase;
			buildActionMask = 2147483647;
			files = (
				264655E021AB41A400C03A49 /* HelloWorldUITests.swift in Sources */,
			);
			runOnlyForDeploymentPostprocessing = 0;
		};
/* End PBXSourcesBuildPhase section */

/* Begin PBXTargetDependency section */
		264655D221AB41A400C03A49 /* PBXTargetDependency */ = {
			isa = PBXTargetDependency;
			target = 264655BB21AB41A000C03A49 /* HelloWorld */;
			targetProxy = 264655D121AB41A400C03A49 /* PBXContainerItemProxy */;
		};
		264655DD21AB41A400C03A49 /* PBXTargetDependency */ = {
			isa = PBXTargetDependency;
			target = 264655BB21AB41A000C03A49 /* HelloWorld */;
			targetProxy = 264655DC21AB41A400C03A49 /* PBXContainerItemProxy */;
		};
/* End PBXTargetDependency section */

/* Begin PBXVariantGroup section */
		264655C321AB41A000C03A49 /* Main.storyboard */ = {
			isa = PBXVariantGroup;
			children = (
				264655C421AB41A000C03A49 /* Base */,
			);
			name = Main.storyboard;
			sourceTree = "<group>";
		};
		264655C821AB41A400C03A49 /* LaunchScreen.storyboard */ = {
			isa = PBXVariantGroup;
			children = (
				264655C921AB41A400C03A49 /* Base */,
			);
			name = LaunchScreen.storyboard;
			sourceTree = "<group>";
		};
/* End PBXVariantGroup section */

/* Begin XCBuildConfiguration section */
		264655E221AB41A400C03A49 /* Debug */ = {
			isa = XCBuildConfiguration;
			buildSettings = {
				ALWAYS_SEARCH_USER_PATHS = NO;
				CLANG_ANALYZER_NONNULL = YES;
				CLANG_ANALYZER_NUMBER_OBJECT_CONVERSION = YES_AGGRESSIVE;
				CLANG_CXX_LANGUAGE_STANDARD = "gnu++14";
				CLANG_CXX_LIBRARY = "libc++";
				CLANG_ENABLE_MODULES = YES;
				CLANG_ENABLE_OBJC_ARC = YES;
				CLANG_ENABLE_OBJC_WEAK = YES;
				CLANG_WARN_BLOCK_CAPTURE_AUTORELEASING = YES;
				CLANG_WARN_BOOL_CONVERSION = YES;
				CLANG_WARN_COMMA = YES;
				CLANG_WARN_CONSTANT_CONVERSION = YES;
				CLANG_WARN_DEPRECATED_OBJC_IMPLEMENTATIONS = YES;
				CLANG_WARN_DIRECT_OBJC_ISA_USAGE = YES_ERROR;
				CLANG_WARN_DOCUMENTATION_COMMENTS = YES;
				CLANG_WARN_EMPTY_BODY = YES;
				CLANG_WARN_ENUM_CONVERSION = YES;
				CLANG_WARN_INFINITE_RECURSION = YES;
				CLANG_WARN_INT_CONVERSION = YES;
				CLANG_WARN_NON_LITERAL_NULL_CONVERSION = YES;
				CLANG_WARN_OBJC_IMPLICIT_RETAIN_SELF = YES;
				CLANG_WARN_OBJC_LITERAL_CONVERSION = YES;
				CLANG_WARN_OBJC_ROOT_CLASS = YES_ERROR;
				CLANG_WARN_RANGE_LOOP_ANALYSIS = YES;
				CLANG_WARN_STRICT_PROTOTYPES = YES;
				CLANG_WARN_SUSPICIOUS_MOVE = YES;
				CLANG_WARN_UNGUARDED_AVAILABILITY = YES_AGGRESSIVE;
				CLANG_WARN_UNREACHABLE_CODE = YES;
				CLANG_WARN__DUPLICATE_METHOD_MATCH = YES;
				CODE_SIGN_IDENTITY = "iPhone Developer";
				COPY_PHASE_STRIP = NO;
				DEBUG_INFORMATION_FORMAT = dwarf;
				ENABLE_STRICT_OBJC_MSGSEND = YES;
				ENABLE_TESTABILITY = YES;
				GCC_C_LANGUAGE_STANDARD = gnu11;
				GCC_DYNAMIC_NO_PIC = NO;
				GCC_NO_COMMON_BLOCKS = YES;
				GCC_OPTIMIZATION_LEVEL = 0;
				GCC_PREPROCESSOR_DEFINITIONS = (
					"DEBUG=1",
					"$(inherited)",
				);
				GCC_WARN_64_TO_32_BIT_CONVERSION = YES;
				GCC_WARN_ABOUT_RETURN_TYPE = YES_ERROR;
				GCC_WARN_UNDECLARED_SELECTOR = YES;
				GCC_WARN_UNINITIALIZED_AUTOS = YES_AGGRESSIVE;
				GCC_WARN_UNUSED_FUNCTION = YES;
				GCC_WARN_UNUSED_VARIABLE = YES;
				IPHONEOS_DEPLOYMENT_TARGET = 12.1;
				MTL_ENABLE_DEBUG_INFO = INCLUDE_SOURCE;
				MTL_FAST_MATH = YES;
				ONLY_ACTIVE_ARCH = YES;
				SDKROOT = iphoneos;
				SWIFT_ACTIVE_COMPILATION_CONDITIONS = DEBUG;
				SWIFT_OPTIMIZATION_LEVEL = "-Onone";
			};
			name = Debug;
		};
		264655E321AB41A400C03A49 /* Release */ = {
			isa = XCBuildConfiguration;
			buildSettings = {
				ALWAYS_SEARCH_USER_PATHS = NO;
				CLANG_ANALYZER_NONNULL = YES;
				CLANG_ANALYZER_NUMBER_OBJECT_CONVERSION = YES_AGGRESSIVE;
				CLANG_CXX_LANGUAGE_STANDARD = "gnu++14";
				CLANG_CXX_LIBRARY = "libc++";
				CLANG_ENABLE_MODULES = YES;
				CLANG_ENABLE_OBJC_ARC = YES;
				CLANG_ENABLE_OBJC_WEAK = YES;
				CLANG_WARN_BLOCK_CAPTURE_AUTORELEASING = YES;
				CLANG_WARN_BOOL_CONVERSION = YES;
				CLANG_WARN_COMMA = YES;
				CLANG_WARN_CONSTANT_CONVERSION = YES;
				CLANG_WARN_DEPRECATED_OBJC_IMPLEMENTATIONS = YES;
				CLANG_WARN_DIRECT_OBJC_ISA_USAGE = YES_ERROR;
				CLANG_WARN_DOCUMENTATION_COMMENTS = YES;
				CLANG_WARN_EMPTY_BODY = YES;
				CLANG_WARN_ENUM_CONVERSION = YES;
				CLANG_WARN_INFINITE_RECURSION = YES;
				CLANG_WARN_INT_CONVERSION = YES;
				CLANG_WARN_NON_LITERAL_NULL_CONVERSION = YES;
				CLANG_WARN_OBJC_IMPLICIT_RETAIN_SELF = YES;
				CLANG_WARN_OBJC_LITERAL_CONVERSION = YES;
				CLANG_WARN_OBJC_ROOT_CLASS = YES_ERROR;
				CLANG_WARN_RANGE_LOOP_ANALYSIS = YES;
				CLANG_WARN_STRICT_PROTOTYPES = YES;
				CLANG_WARN_SUSPICIOUS_MOVE = YES;
				CLANG_WARN_UNGUARDED_AVAILABILITY = YES_AGGRESSIVE;
				CLANG_WARN_UNREACHABLE_CODE = YES;
				CLANG_WARN__DUPLICATE_METHOD_MATCH = YES;
				CODE_SIGN_IDENTITY = "iPhone Developer";
				COPY_PHASE_STRIP = NO;
				DEBUG_INFORMATION_FORMAT = "dwarf-with-dsym";
				ENABLE_NS_ASSERTIONS = NO;
				ENABLE_STRICT_OBJC_MSGSEND = YES;
				GCC_C_LANGUAGE_STANDARD = gnu11;
				GCC_NO_COMMON_BLOCKS = YES;
				GCC_WARN_64_TO_32_BIT_CONVERSION = YES;
				GCC_WARN_ABOUT_RETURN_TYPE = YES_ERROR;
				GCC_WARN_UNDECLARED_SELECTOR = YES;
				GCC_WARN_UNINITIALIZED_AUTOS = YES_AGGRESSIVE;
				GCC_WARN_UNUSED_FUNCTION = YES;
				GCC_WARN_UNUSED_VARIABLE = YES;
				IPHONEOS_DEPLOYMENT_TARGET = 12.1;
				MTL_ENABLE_DEBUG_INFO = NO;
				MTL_FAST_MATH = YES;
				SDKROOT = iphoneos;
				SWIFT_COMPILATION_MODE = wholemodule;
				SWIFT_OPTIMIZATION_LEVEL = "-O";
				VALIDATE_PRODUCT = YES;
			};
			name = Release;
		};
		264655E521AB41A400C03A49 /* Debug */ = {
			isa = XCBuildConfiguration;
			buildSettings = {
				ASSETCATALOG_COMPILER_APPICON_NAME = AppIcon;
				CODE_SIGN_STYLE = Automatic;
				DEVELOPMENT_TEAM = 6X4TQ2849W;
				INFOPLIST_FILE = HelloWorld/Info.plist;
				LD_RUNPATH_SEARCH_PATHS = (
					"$(inherited)",
					"@executable_path/Frameworks",
				);
				PRODUCT_BUNDLE_IDENTIFIER = com.am.HelloWorld;
				PRODUCT_NAME = "$(TARGET_NAME)";
				SWIFT_VERSION = 4.2;
				TARGETED_DEVICE_FAMILY = "1,2";
			};
			name = Debug;
		};
		264655E621AB41A400C03A49 /* Release */ = {
			isa = XCBuildConfiguration;
			buildSettings = {
				ASSETCATALOG_COMPILER_APPICON_NAME = AppIcon;
				CODE_SIGN_STYLE = Automatic;
				DEVELOPMENT_TEAM = 6X4TQ2849W;
				INFOPLIST_FILE = HelloWorld/Info.plist;
				LD_RUNPATH_SEARCH_PATHS = (
					"$(inherited)",
					"@executable_path/Frameworks",
				);
				PRODUCT_BUNDLE_IDENTIFIER = com.am.HelloWorld;
				PRODUCT_NAME = "$(TARGET_NAME)";
				SWIFT_VERSION = 4.2;
				TARGETED_DEVICE_FAMILY = "1,2";
			};
			name = Release;
		};
		264655E821AB41A400C03A49 /* Debug */ = {
			isa = XCBuildConfiguration;
			buildSettings = {
				ALWAYS_EMBED_SWIFT_STANDARD_LIBRARIES = YES;
				BUNDLE_LOADER = "$(TEST_HOST)";
				CODE_SIGN_STYLE = Automatic;
				DEVELOPMENT_TEAM = 6X4TQ2849W;
				INFOPLIST_FILE = HelloWorldTests/Info.plist;
				LD_RUNPATH_SEARCH_PATHS = (
					"$(inherited)",
					"@executable_path/Frameworks",
					"@loader_path/Frameworks",
				);
				PRODUCT_BUNDLE_IDENTIFIER = com.am.HelloWorldTests;
				PRODUCT_NAME = "$(TARGET_NAME)";
				SWIFT_VERSION = 4.2;
				TARGETED_DEVICE_FAMILY = "1,2";
				TEST_HOST = "$(BUILT_PRODUCTS_DIR)/HelloWorld.app/HelloWorld";
			};
			name = Debug;
		};
		264655E921AB41A400C03A49 /* Release */ = {
			isa = XCBuildConfiguration;
			buildSettings = {
				ALWAYS_EMBED_SWIFT_STANDARD_LIBRARIES = YES;
				BUNDLE_LOADER = "$(TEST_HOST)";
				CODE_SIGN_STYLE = Automatic;
				DEVELOPMENT_TEAM = 6X4TQ2849W;
				INFOPLIST_FILE = HelloWorldTests/Info.plist;
				LD_RUNPATH_SEARCH_PATHS = (
					"$(inherited)",
					"@executable_path/Frameworks",
					"@loader_path/Frameworks",
				);
				PRODUCT_BUNDLE_IDENTIFIER = com.am.HelloWorldTests;
				PRODUCT_NAME = "$(TARGET_NAME)";
				SWIFT_VERSION = 4.2;
				TARGETED_DEVICE_FAMILY = "1,2";
				TEST_HOST = "$(BUILT_PRODUCTS_DIR)/HelloWorld.app/HelloWorld";
			};
			name = Release;
		};
		264655EB21AB41A400C03A49 /* Debug */ = {
			isa = XCBuildConfiguration;
			buildSettings = {
				ALWAYS_EMBED_SWIFT_STANDARD_LIBRARIES = YES;
				CODE_SIGN_STYLE = Automatic;
				DEVELOPMENT_TEAM = 6X4TQ2849W;
				INFOPLIST_FILE = HelloWorldUITests/Info.plist;
				LD_RUNPATH_SEARCH_PATHS = (
					"$(inherited)",
					"@executable_path/Frameworks",
					"@loader_path/Frameworks",
				);
				PRODUCT_BUNDLE_IDENTIFIER = com.am.HelloWorldUITests;
				PRODUCT_NAME = "$(TARGET_NAME)";
				SWIFT_VERSION = 4.2;
				TARGETED_DEVICE_FAMILY = "1,2";
				TEST_TARGET_NAME = HelloWorld;
			};
			name = Debug;
		};
		264655EC21AB41A400C03A49 /* Release */ = {
			isa = XCBuildConfiguration;
			buildSettings = {
				ALWAYS_EMBED_SWIFT_STANDARD_LIBRARIES = YES;
				CODE_SIGN_STYLE = Automatic;
				DEVELOPMENT_TEAM = 6X4TQ2849W;
				INFOPLIST_FILE = HelloWorldUITests/Info.plist;
				LD_RUNPATH_SEARCH_PATHS = (
					"$(inherited)",
					"@executable_path/Frameworks",
					"@loader_path/Frameworks",
				);
				PRODUCT_BUNDLE_IDENTIFIER = com.am.HelloWorldUITests;
				PRODUCT_NAME = "$(TARGET_NAME)";
				SWIFT_VERSION = 4.2;
				TARGETED_DEVICE_FAMILY = "1,2";
				TEST_TARGET_NAME = HelloWorld;
			};
			name = Release;
		};
/* End XCBuildConfiguration section */

/* Begin XCConfigurationList section */
		264655B721AB41A000C03A49 /* Build configuration list for PBXProject "HelloWorld" */ = {
			isa = XCConfigurationList;
			buildConfigurations = (
				264655E221AB41A400C03A49 /* Debug */,
				264655E321AB41A400C03A49 /* Release */,
			);
			defaultConfigurationIsVisible = 0;
			defaultConfigurationName = Release;
		};
		264655E421AB41A400C03A49 /* Build configuration list for PBXNativeTarget "HelloWorld" */ = {
			isa = XCConfigurationList;
			buildConfigurations = (
				264655E521AB41A400C03A49 /* Debug */,
				264655E621AB41A400C03A49 /* Release */,
			);
			defaultConfigurationIsVisible = 0;
			defaultConfigurationName = Release;
		};
		264655E721AB41A400C03A49 /* Build configuration list for PBXNativeTarget "HelloWorldTests" */ = {
			isa = XCConfigurationList;
			buildConfigurations = (
				264655E821AB41A400C03A49 /* Debug */,
				264655E921AB41A400C03A49 /* Release */,
			);
			defaultConfigurationIsVisible = 0;
			defaultConfigurationName = Release;
		};
		264655EA21AB41A400C03A49 /* Build configuration list for PBXNativeTarget "HelloWorldUITests" */ = {
			isa = XCConfigurationList;
			buildConfigurations = (
				264655EB21AB41A400C03A49 /* Debug */,
				264655EC21AB41A400C03A49 /* Release */,
			);
			defaultConfigurationIsVisible = 0;
			defaultConfigurationName = Release;
		};
/* End XCConfigurationList section */
	};
	rootObject = 264655B421AB41A000C03A49 /* Project object */;
}
